
Microsoft Visual Studio Solution File, Format Version 12.00
# Visual Studio Version 17
VisualStudioVersion = 17.13.35818.85
MinimumVisualStudioVersion = 10.0.40219.1
Project("{FAE04EC0-301F-11D3-BF4B-00C04F79EFBC}") = "CapaNegocio", "CapaNegocio\CapaNegocio.csproj", "{F8127F7D-CED6-457A-A730-EE28035A5882}"
EndProject
Project("{FAE04EC0-301F-11D3-BF4B-00C04F79EFBC}") = "CapaPresentacion", "CapaPresentacion\CapaPresentacion.csproj", "{53474726-1941-464F-B7E5-9E4B170DDEC3}"
EndProject
Global
	GlobalSection(SolutionConfigurationPlatforms) = preSolution
		Debug|Any CPU = Debug|Any CPU
		Release|Any CPU = Release|Any CPU
	EndGlobalSection
	GlobalSection(ProjectConfigurationPlatforms) = postSolution
		{F8127F7D-CED6-457A-A730-EE28035A5882}.Debug|Any CPU.ActiveCfg = Debug|Any CPU
		{F8127F7D-CED6-457A-A730-EE28035A5882}.Debug|Any CPU.Build.0 = Debug|Any CPU
		{F8127F7D-CED6-457A-A730-EE28035A5882}.Release|Any CPU.ActiveCfg = Release|Any CPU
		{F8127F7D-CED6-457A-A730-EE28035A5882}.Release|Any CPU.Build.0 = Release|Any CPU
		{53474726-1941-464F-B7E5-9E4B170DDEC3}.Debug|Any CPU.ActiveCfg = Debug|Any CPU
		{53474726-1941-464F-B7E5-9E4B170DDEC3}.Debug|Any CPU.Build.0 = Debug|Any CPU
		{53474726-1941-464F-B7E5-9E4B170DDEC3}.Release|Any CPU.ActiveCfg = Release|Any CPU
		{53474726-1941-464F-B7E5-9E4B170DDEC3}.Release|Any CPU.Build.0 = Release|Any CPU
	EndGlobalSection
	GlobalSection(SolutionProperties) = preSolution
		HideSolutionNode = FALSE
	EndGlobalSection
	GlobalSection(ExtensibilityGlobals) = postSolution
		SolutionGuid = {6FC547AE-A7FC-4D8E-9C67-881149811D33}
	EndGlobalSection
EndGlobal
